
Microsoft Visual Studio Solution File, Format Version 12.00
# Visual Studio Version 16
VisualStudioVersion = 16.0.31515.178
MinimumVisualStudioVersion = 10.0.40219.1
Project("{FAE04EC0-301F-11D3-BF4B-00C04F79EFBC}") = "NeLjutiSe", "NeLjutiSe\NeLjutiSe.csproj", "{B09A1B6E-A5E4-4E90-85AC-3FA650DBE28E}"
EndProject
Global
	GlobalSection(SolutionConfigurationPlatforms) = preSolution
		Debug|Any CPU = Debug|Any CPU
		Release|Any CPU = Release|Any CPU
	EndGlobalSection
	GlobalSection(ProjectConfigurationPlatforms) = postSolution
		{B09A1B6E-A5E4-4E90-85AC-3FA650DBE28E}.Debug|Any CPU.ActiveCfg = Debug|Any CPU
		{B09A1B6E-A5E4-4E90-85AC-3FA650DBE28E}.Debug|Any CPU.Build.0 = Debug|Any CPU
		{B09A1B6E-A5E4-4E90-85AC-3FA650DBE28E}.Release|Any CPU.ActiveCfg = Release|Any CPU
		{B09A1B6E-A5E4-4E90-85AC-3FA650DBE28E}.Release|Any CPU.Build.0 = Release|Any CPU
	EndGlobalSection
	GlobalSection(SolutionProperties) = preSolution
		HideSolutionNode = FALSE
	EndGlobalSection
	GlobalSection(ExtensibilityGlobals) = postSolution
		SolutionGuid = {87C20445-68EF-4465-9082-5E75082FA14B}
	EndGlobalSection
EndGlobal
